
Microsoft Visual Studio Solution File, Format Version 12.00
# Visual Studio Version 16
VisualStudioVersion = 16.0.29209.152
MinimumVisualStudioVersion = 10.0.40219.1
Project("{9A19103F-16F7-4668-BE54-9A1E7A4F7556}") = "DSLiteral.MUGEN", "DSLiteral.MUGEN\DSLiteral.MUGEN.csproj", "{BD28628B-6664-493F-AF00-09B03B489204}"
EndProject
Project("{FAE04EC0-301F-11D3-BF4B-00C04F79EFBC}") = "DSLiteral.MUGEN.Characters", "DSLiteral.MUGEN.Characters\DSLiteral.MUGEN.Characters.csproj", "{2136220D-41FD-4AD5-86A6-BF8D2C4D13C7}"
EndProject
Global
	GlobalSection(SolutionConfigurationPlatforms) = preSolution
		Debug|Any CPU = Debug|Any CPU
		Release|Any CPU = Release|Any CPU
	EndGlobalSection
	GlobalSection(ProjectConfigurationPlatforms) = postSolution
		{BD28628B-6664-493F-AF00-09B03B489204}.Debug|Any CPU.ActiveCfg = Debug|Any CPU
		{BD28628B-6664-493F-AF00-09B03B489204}.Debug|Any CPU.Build.0 = Debug|Any CPU
		{BD28628B-6664-493F-AF00-09B03B489204}.Release|Any CPU.ActiveCfg = Release|Any CPU
		{BD28628B-6664-493F-AF00-09B03B489204}.Release|Any CPU.Build.0 = Release|Any CPU
		{2136220D-41FD-4AD5-86A6-BF8D2C4D13C7}.Debug|Any CPU.ActiveCfg = Debug|Any CPU
		{2136220D-41FD-4AD5-86A6-BF8D2C4D13C7}.Debug|Any CPU.Build.0 = Debug|Any CPU
		{2136220D-41FD-4AD5-86A6-BF8D2C4D13C7}.Release|Any CPU.ActiveCfg = Release|Any CPU
		{2136220D-41FD-4AD5-86A6-BF8D2C4D13C7}.Release|Any CPU.Build.0 = Release|Any CPU
	EndGlobalSection
	GlobalSection(SolutionProperties) = preSolution
		HideSolutionNode = FALSE
	EndGlobalSection
	GlobalSection(ExtensibilityGlobals) = postSolution
		SolutionGuid = {00222611-441B-42CA-A7A4-912225BD3A35}
	EndGlobalSection
EndGlobal
